
Microsoft Visual Studio Solution File, Format Version 12.00
# Visual Studio Version 16
VisualStudioVersion = 16.0.31025.194
MinimumVisualStudioVersion = 10.0.40219.1
Project("{FAE04EC0-301F-11D3-BF4B-00C04F79EFBC}") = "Excersice2", "Excersice2.csproj", "{8E8F3DAA-6B51-4086-839E-BA26B5AAF6EC}"
EndProject
Global
	GlobalSection(SolutionConfigurationPlatforms) = preSolution
		Debug|Any CPU = Debug|Any CPU
		Release|Any CPU = Release|Any CPU
	EndGlobalSection
	GlobalSection(ProjectConfigurationPlatforms) = postSolution
		{8E8F3DAA-6B51-4086-839E-BA26B5AAF6EC}.Debug|Any CPU.ActiveCfg = Debug|Any CPU
		{8E8F3DAA-6B51-4086-839E-BA26B5AAF6EC}.Debug|Any CPU.Build.0 = Debug|Any CPU
		{8E8F3DAA-6B51-4086-839E-BA26B5AAF6EC}.Release|Any CPU.ActiveCfg = Release|Any CPU
		{8E8F3DAA-6B51-4086-839E-BA26B5AAF6EC}.Release|Any CPU.Build.0 = Release|Any CPU
	EndGlobalSection
	GlobalSection(SolutionProperties) = preSolution
		HideSolutionNode = FALSE
	EndGlobalSection
	GlobalSection(ExtensibilityGlobals) = postSolution
		SolutionGuid = {F1F67646-0287-47FA-A3F6-02511AC8F31B}
	EndGlobalSection
EndGlobal
